<?xml version="1.0" encoding="utf-8"?>
<Project ToolsVersion="4.0" xmlns="http://schemas.microsoft.com/developer/msbuild/2003">
  <ItemGroup>
    <Filter Include="Source Files">
      <UniqueIdentifier>{4FC737F1-C7A5-4376-A066-2A32D752A2FF}</UniqueIdentifier>
      <Extensions>cpp;c;cc;cxx;c++;cppm;ixx;def;odl;idl;hpj;bat;asm;asmx</Extensions>
    </Filter>
    <Filter Include="Header Files">
      <UniqueIdentifier>{93995380-89BD-4b04-88EB-625FBE52EBFB}</UniqueIdentifier>
      <Extensions>h;hh;hpp;hxx;h++;hm;inl;inc;ipp;xsd</Extensions>
    </Filter>
    <Filter Include="Resource Files">
      <UniqueIdentifier>{67DA6AB6-F800-4c08-8B7A-83BB121AAD01}</UniqueIdentifier>
      <Extensions>rc;ico;cur;bmp;dlg;rc2;rct;bin;rgs;gif;jpg;jpeg;jpe;resx;tiff;tif;png;wav;mfcribbon-ms</Extensions>
    </Filter>
  </ItemGroup>
  <ItemGroup>
    <ClCompile Include="PP_Oct25.cpp">
      <Filter>Source Files</Filter>
    </ClCompile>
    <ClCompile Include="Controller\CommandUnRe.h">
      <Filter>Source Files</Filter>
    </ClCompile>
  </ItemGroup>
  <ItemGroup>
    <ClInclude Include="Controller\CommandFactories.h">
      <Filter>Header Files</Filter>
    </ClInclude>
    <ClInclude Include="Controller\ICommandFactory.h">
      <Filter>Header Files</Filter>
    </ClInclude>
    <ClInclude Include="Controller\Commands.h">
      <Filter>Header Files</Filter>
    </ClInclude>
    <ClInclude Include="Controller\ICommand.h">
      <Filter>Header Files</Filter>
    </ClInclude>
    <ClInclude Include="Viewer\View.h">
      <Filter>Header Files</Filter>
    </ClInclude>
    <ClInclude Include="Model\Shapes.h">
      <Filter>Header Files</Filter>
    </ClInclude>
    <ClInclude Include="Model\Slide.h">
      <Filter>Header Files</Filter>
    </ClInclude>
    <ClInclude Include="Model\TextShape.h">
      <Filter>Header Files</Filter>
    </ClInclude>
    <ClInclude Include="Model\Presentation.h">
      <Filter>Header Files</Filter>
    </ClInclude>
    <ClInclude Include="Model\Model.h">
      <Filter>Header Files</Filter>
    </ClInclude>
    <ClInclude Include="Model\Rectangle.h">
      <Filter>Header Files</Filter>
    </ClInclude>
    <ClInclude Include="Model\IShape.h">
      <Filter>Header Files</Filter>
    </ClInclude>
    <ClInclude Include="Controller\Controller.h">
      <Filter>Header Files</Filter>
    </ClInclude>
    <ClInclude Include="Controller\Parser.h">
      <Filter>Header Files</Filter>
    </ClInclude>
    <ClInclude Include="Controller\CommandRegistry.h">
      <Filter>Header Files</Filter>
    </ClInclude>
    <ClInclude Include="Controller\CommandHistory.h">
      <Filter>Header Files</Filter>
    </ClInclude>
    <ClInclude Include="Model\BoundingBox.h">
      <Filter>Header Files</Filter>
    </ClInclude>
    <ClInclude Include="Controller\RenderCommand.h">
      <Filter>Header Files</Filter>
    </ClInclude>
    <ClInclude Include="Painting\SVGCanvas.h">
      <Filter>Header Files</Filter>
    </ClInclude>
    <ClInclude Include="Painting\SVGPainter.h">
      <Filter>Header Files</Filter>
    </ClInclude>
    <ClInclude Include="Painting\IPainter.h">
      <Filter>Header Files</Filter>
    </ClInclude>
    <ClInclude Include="Painting\Brush.h">
      <Filter>Header Files</Filter>
    </ClInclude>
    <ClInclude Include="Painting\Pen.h">
      <Filter>Header Files</Filter>
    </ClInclude>
    <ClInclude Include="Application\IAction.h">
      <Filter>Header Files</Filter>
    </ClInclude>
    <ClInclude Include="Application\Actions.h">
      <Filter>Header Files</Filter>
    </ClInclude>
    <ClInclude Include="Application\Application.h">
      <Filter>Header Files</Filter>
    </ClInclude>
    <ClInclude Include="Application\Editor.h">
      <Filter>Header Files</Filter>
    </ClInclude>
    <ClInclude Include="Serialization\ISerialize.h">
      <Filter>Header Files</Filter>
    </ClInclude>
    <ClInclude Include="Serialization\IDeserialize.h">
      <Filter>Header Files</Filter>
    </ClInclude>
    <ClInclude Include="Serialization\JsonSerialize.h">
      <Filter>Header Files</Filter>
    </ClInclude>
    <ClInclude Include="Serialization\JsonDeserialize.h">
      <Filter>Header Files</Filter>
    </ClInclude>
    <ClInclude Include="Visualization\IVisualization.h">
      <Filter>Header Files</Filter>
    </ClInclude>
    <ClInclude Include="Visualization\SvgVisualization.h">
      <Filter>Header Files</Filter>
    </ClInclude>
  </ItemGroup>
</Project>